
Microsoft Visual Studio Solution File, Format Version 12.00
# Visual Studio Version 16
VisualStudioVersion = 16.0.32407.337
MinimumVisualStudioVersion = 10.0.40219.1
Project("{FAE04EC0-301F-11D3-BF4B-00C04F79EFBC}") = "WindowsFormsApp1", "WindowsFormsApp1.csproj", "{9998E5F3-37F5-4184-8427-C509BE53D040}"
EndProject
Global
	GlobalSection(SolutionConfigurationPlatforms) = preSolution
		Debug|Any CPU = Debug|Any CPU
		Release|Any CPU = Release|Any CPU
	EndGlobalSection
	GlobalSection(ProjectConfigurationPlatforms) = postSolution
		{9998E5F3-37F5-4184-8427-C509BE53D040}.Debug|Any CPU.ActiveCfg = Debug|Any CPU
		{9998E5F3-37F5-4184-8427-C509BE53D040}.Debug|Any CPU.Build.0 = Debug|Any CPU
		{9998E5F3-37F5-4184-8427-C509BE53D040}.Release|Any CPU.ActiveCfg = Release|Any CPU
		{9998E5F3-37F5-4184-8427-C509BE53D040}.Release|Any CPU.Build.0 = Release|Any CPU
	EndGlobalSection
	GlobalSection(SolutionProperties) = preSolution
		HideSolutionNode = FALSE
	EndGlobalSection
	GlobalSection(ExtensibilityGlobals) = postSolution
		SolutionGuid = {837DD76F-41C8-4DF4-BEF8-C2A9AA36D81B}
	EndGlobalSection
EndGlobal
