
Microsoft Visual Studio Solution File, Format Version 12.00
# Visual Studio Version 16
VisualStudioVersion = 16.0.32901.82
MinimumVisualStudioVersion = 10.0.40219.1
Project("{FAE04EC0-301F-11D3-BF4B-00C04F79EFBC}") = "ToursWPFAPP", "ToursWPFAPP.csproj", "{C175311D-684A-4021-A618-D9A848D1863D}"
EndProject
Global
	GlobalSection(SolutionConfigurationPlatforms) = preSolution
		Debug|Any CPU = Debug|Any CPU
		Release|Any CPU = Release|Any CPU
	EndGlobalSection
	GlobalSection(ProjectConfigurationPlatforms) = postSolution
		{C175311D-684A-4021-A618-D9A848D1863D}.Debug|Any CPU.ActiveCfg = Debug|Any CPU
		{C175311D-684A-4021-A618-D9A848D1863D}.Debug|Any CPU.Build.0 = Debug|Any CPU
		{C175311D-684A-4021-A618-D9A848D1863D}.Release|Any CPU.ActiveCfg = Release|Any CPU
		{C175311D-684A-4021-A618-D9A848D1863D}.Release|Any CPU.Build.0 = Release|Any CPU
	EndGlobalSection
	GlobalSection(SolutionProperties) = preSolution
		HideSolutionNode = FALSE
	EndGlobalSection
	GlobalSection(ExtensibilityGlobals) = postSolution
		SolutionGuid = {914E3C90-4ACC-4469-883A-FCE5A8815F1E}
	EndGlobalSection
EndGlobal
